
Microsoft Visual Studio Solution File, Format Version 12.00
# Visual Studio Version 16
VisualStudioVersion = 16.0.30523.141
MinimumVisualStudioVersion = 10.0.40219.1
Project("{2150E333-8FDC-42A3-9474-1A3956D46DE8}") = "Services", "Services", "{A5D5B984-11DB-49EC-A793-AEA14307CE57}"
EndProject
Project("{2150E333-8FDC-42A3-9474-1A3956D46DE8}") = "Tests", "Tests", "{EBBE04AB-E52E-4488-9D13-6AC8FCA71587}"
EndProject
Project("{2150E333-8FDC-42A3-9474-1A3956D46DE8}") = "Common", "Common", "{4068D5E8-A097-447D-968B-75B72BDE7778}"
EndProject
Project("{9A19103F-16F7-4668-BE54-9A1E7A4F7556}") = "Fineo.Constants", "Common\Fineo.Constants\Fineo.Constants.csproj", "{1C39D455-A80D-484C-8373-4BAD8940C54C}"
EndProject
Project("{9A19103F-16F7-4668-BE54-9A1E7A4F7556}") = "Fineo.Services.Common", "Services\Fineo.Services.Common\Fineo.Services.Common.csproj", "{E4965EC0-C5F4-4334-AA14-9D503DDE4CD6}"
EndProject
Project("{9A19103F-16F7-4668-BE54-9A1E7A4F7556}") = "Fineo.Common", "Common\Fineo.Common\Fineo.Common.csproj", "{E87A5E8C-B63E-4D41-8E42-76D1A183AE3F}"
EndProject
Project("{9A19103F-16F7-4668-BE54-9A1E7A4F7556}") = "Fineo.DTOs", "Common\Fineo.DTOs\Fineo.DTOs.csproj", "{AB813758-CD4B-4A1F-8844-C5444FD0FE0A}"
EndProject
Project("{9A19103F-16F7-4668-BE54-9A1E7A4F7556}") = "Test.Fineo.Common", "Tests\Test.Fineo.Common\Test.Fineo.Common.csproj", "{10D1F636-6B40-42FE-A927-D6C6AAA1E6D4}"
EndProject
Project("{2150E333-8FDC-42A3-9474-1A3956D46DE8}") = "Jobs", "Jobs", "{5077B7BD-7C66-4A48-9C91-8266F396C972}"
EndProject
Project("{9A19103F-16F7-4668-BE54-9A1E7A4F7556}") = "Fineo.Interfaces", "Common\Fineo.Interfaces\Fineo.Interfaces.csproj", "{9985CCBA-3DB4-4D2B-BCD1-5C68CB79E95E}"
EndProject
Project("{9A19103F-16F7-4668-BE54-9A1E7A4F7556}") = "Test.Fineo.Interfaces", "Tests\Test.Fineo.Interfaces\Test.Fineo.Interfaces.csproj", "{428D1B99-4498-400C-B4C2-2069BCCCF2CE}"
EndProject
Project("{2150E333-8FDC-42A3-9474-1A3956D46DE8}") = "Components", "Components", "{FA73D536-1CBA-4568-970F-9D65B59FDF07}"
EndProject
Project("{9A19103F-16F7-4668-BE54-9A1E7A4F7556}") = "MessageBus.Azure", "Components\MessageBus.Azure\MessageBus.Azure.csproj", "{AD12AC33-627A-4FE4-A0C5-A71B18898B5E}"
EndProject
Project("{9A19103F-16F7-4668-BE54-9A1E7A4F7556}") = "Test.MessageBus.Azure", "Tests\Test.MessageBus.Azure\Test.MessageBus.Azure.csproj", "{9EB3FB8E-8F75-42FB-B885-1875ECF98C5F}"
EndProject
Project("{2150E333-8FDC-42A3-9474-1A3956D46DE8}") = "SourceAPIs", "SourceAPIs", "{B4DC4F19-3967-4798-BB74-9FB6BAFF3CAE}"
EndProject
Project("{9A19103F-16F7-4668-BE54-9A1E7A4F7556}") = "Fineo.SEC.Api", "SourceAPIs\Fineo.SEC.Api\Fineo.SEC.Api.csproj", "{D156C365-BF29-49B0-96C0-E3E22DD1F8BC}"
EndProject
Project("{9A19103F-16F7-4668-BE54-9A1E7A4F7556}") = "Test.Fineo.SEC.Api", "Tests\Test.Fineo.SEC.Api\Test.Fineo.SEC.Api.csproj", "{5C8341A7-6354-443E-83E7-8EB5A704A04D}"
EndProject
Project("{9A19103F-16F7-4668-BE54-9A1E7A4F7556}") = "FileStorage.AzureBlob", "Components\FileStorage.AzureBlob\FileStorage.AzureBlob.csproj", "{43DBCE30-85EB-41B6-BAFC-7D8E030AB9F6}"
EndProject
Project("{9A19103F-16F7-4668-BE54-9A1E7A4F7556}") = "Test.FileStorage.AzureBlob", "Tests\Test.FileStorage.AzreBlob\Test.FileStorage.AzureBlob.csproj", "{06DBD3E3-7D7D-4A2A-B755-3DA622A256A9}"
EndProject
Project("{2150E333-8FDC-42A3-9474-1A3956D46DE8}") = "Helpers", "Helpers", "{E1DFB401-07BB-4F53-848E-2217D59FC236}"
EndProject
Project("{9A19103F-16F7-4668-BE54-9A1E7A4F7556}") = "Fineo.AzureEmulatorHelper", "Helpers\Fineo.AzureEmulatorHelper\Fineo.AzureEmulatorHelper.csproj", "{F2ADD826-0F96-4F2F-9DDD-E9C198EE74D9}"
EndProject
Project("{9A19103F-16F7-4668-BE54-9A1E7A4F7556}") = "Test.AzureEmulatorHelper", "Tests\Test.AzureEmulatorHelper\Test.AzureEmulatorHelper.csproj", "{85FD66B8-8850-4DF3-893F-F7B6265298D0}"
EndProject
Project("{FAE04EC0-301F-11D3-BF4B-00C04F79EFBC}") = "Fineo.Job.SECDownload", "Jobs\Fineo.Job.SECDownload\Fineo.Job.SECDownload.csproj", "{8B87005B-B36D-4AD0-9662-C8B688B29888}"
EndProject
Global
	GlobalSection(SolutionConfigurationPlatforms) = preSolution
		Debug|Any CPU = Debug|Any CPU
		Release|Any CPU = Release|Any CPU
	EndGlobalSection
	GlobalSection(ProjectConfigurationPlatforms) = postSolution
		{1C39D455-A80D-484C-8373-4BAD8940C54C}.Debug|Any CPU.ActiveCfg = Debug|Any CPU
		{1C39D455-A80D-484C-8373-4BAD8940C54C}.Debug|Any CPU.Build.0 = Debug|Any CPU
		{1C39D455-A80D-484C-8373-4BAD8940C54C}.Release|Any CPU.ActiveCfg = Release|Any CPU
		{1C39D455-A80D-484C-8373-4BAD8940C54C}.Release|Any CPU.Build.0 = Release|Any CPU
		{E4965EC0-C5F4-4334-AA14-9D503DDE4CD6}.Debug|Any CPU.ActiveCfg = Debug|Any CPU
		{E4965EC0-C5F4-4334-AA14-9D503DDE4CD6}.Debug|Any CPU.Build.0 = Debug|Any CPU
		{E4965EC0-C5F4-4334-AA14-9D503DDE4CD6}.Release|Any CPU.ActiveCfg = Release|Any CPU
		{E4965EC0-C5F4-4334-AA14-9D503DDE4CD6}.Release|Any CPU.Build.0 = Release|Any CPU
		{E87A5E8C-B63E-4D41-8E42-76D1A183AE3F}.Debug|Any CPU.ActiveCfg = Debug|Any CPU
		{E87A5E8C-B63E-4D41-8E42-76D1A183AE3F}.Debug|Any CPU.Build.0 = Debug|Any CPU
		{E87A5E8C-B63E-4D41-8E42-76D1A183AE3F}.Release|Any CPU.ActiveCfg = Release|Any CPU
		{E87A5E8C-B63E-4D41-8E42-76D1A183AE3F}.Release|Any CPU.Build.0 = Release|Any CPU
		{AB813758-CD4B-4A1F-8844-C5444FD0FE0A}.Debug|Any CPU.ActiveCfg = Debug|Any CPU
		{AB813758-CD4B-4A1F-8844-C5444FD0FE0A}.Debug|Any CPU.Build.0 = Debug|Any CPU
		{AB813758-CD4B-4A1F-8844-C5444FD0FE0A}.Release|Any CPU.ActiveCfg = Release|Any CPU
		{AB813758-CD4B-4A1F-8844-C5444FD0FE0A}.Release|Any CPU.Build.0 = Release|Any CPU
		{10D1F636-6B40-42FE-A927-D6C6AAA1E6D4}.Debug|Any CPU.ActiveCfg = Debug|Any CPU
		{10D1F636-6B40-42FE-A927-D6C6AAA1E6D4}.Debug|Any CPU.Build.0 = Debug|Any CPU
		{10D1F636-6B40-42FE-A927-D6C6AAA1E6D4}.Release|Any CPU.ActiveCfg = Release|Any CPU
		{10D1F636-6B40-42FE-A927-D6C6AAA1E6D4}.Release|Any CPU.Build.0 = Release|Any CPU
		{9985CCBA-3DB4-4D2B-BCD1-5C68CB79E95E}.Debug|Any CPU.ActiveCfg = Debug|Any CPU
		{9985CCBA-3DB4-4D2B-BCD1-5C68CB79E95E}.Debug|Any CPU.Build.0 = Debug|Any CPU
		{9985CCBA-3DB4-4D2B-BCD1-5C68CB79E95E}.Release|Any CPU.ActiveCfg = Release|Any CPU
		{9985CCBA-3DB4-4D2B-BCD1-5C68CB79E95E}.Release|Any CPU.Build.0 = Release|Any CPU
		{428D1B99-4498-400C-B4C2-2069BCCCF2CE}.Debug|Any CPU.ActiveCfg = Debug|Any CPU
		{428D1B99-4498-400C-B4C2-2069BCCCF2CE}.Debug|Any CPU.Build.0 = Debug|Any CPU
		{428D1B99-4498-400C-B4C2-2069BCCCF2CE}.Release|Any CPU.ActiveCfg = Release|Any CPU
		{428D1B99-4498-400C-B4C2-2069BCCCF2CE}.Release|Any CPU.Build.0 = Release|Any CPU
		{AD12AC33-627A-4FE4-A0C5-A71B18898B5E}.Debug|Any CPU.ActiveCfg = Debug|Any CPU
		{AD12AC33-627A-4FE4-A0C5-A71B18898B5E}.Debug|Any CPU.Build.0 = Debug|Any CPU
		{AD12AC33-627A-4FE4-A0C5-A71B18898B5E}.Release|Any CPU.ActiveCfg = Release|Any CPU
		{AD12AC33-627A-4FE4-A0C5-A71B18898B5E}.Release|Any CPU.Build.0 = Release|Any CPU
		{9EB3FB8E-8F75-42FB-B885-1875ECF98C5F}.Debug|Any CPU.ActiveCfg = Debug|Any CPU
		{9EB3FB8E-8F75-42FB-B885-1875ECF98C5F}.Debug|Any CPU.Build.0 = Debug|Any CPU
		{9EB3FB8E-8F75-42FB-B885-1875ECF98C5F}.Release|Any CPU.ActiveCfg = Release|Any CPU
		{9EB3FB8E-8F75-42FB-B885-1875ECF98C5F}.Release|Any CPU.Build.0 = Release|Any CPU
		{D156C365-BF29-49B0-96C0-E3E22DD1F8BC}.Debug|Any CPU.ActiveCfg = Debug|Any CPU
		{D156C365-BF29-49B0-96C0-E3E22DD1F8BC}.Debug|Any CPU.Build.0 = Debug|Any CPU
		{D156C365-BF29-49B0-96C0-E3E22DD1F8BC}.Release|Any CPU.ActiveCfg = Release|Any CPU
		{D156C365-BF29-49B0-96C0-E3E22DD1F8BC}.Release|Any CPU.Build.0 = Release|Any CPU
		{5C8341A7-6354-443E-83E7-8EB5A704A04D}.Debug|Any CPU.ActiveCfg = Debug|Any CPU
		{5C8341A7-6354-443E-83E7-8EB5A704A04D}.Debug|Any CPU.Build.0 = Debug|Any CPU
		{5C8341A7-6354-443E-83E7-8EB5A704A04D}.Release|Any CPU.ActiveCfg = Release|Any CPU
		{5C8341A7-6354-443E-83E7-8EB5A704A04D}.Release|Any CPU.Build.0 = Release|Any CPU
		{43DBCE30-85EB-41B6-BAFC-7D8E030AB9F6}.Debug|Any CPU.ActiveCfg = Debug|Any CPU
		{43DBCE30-85EB-41B6-BAFC-7D8E030AB9F6}.Debug|Any CPU.Build.0 = Debug|Any CPU
		{43DBCE30-85EB-41B6-BAFC-7D8E030AB9F6}.Release|Any CPU.ActiveCfg = Release|Any CPU
		{43DBCE30-85EB-41B6-BAFC-7D8E030AB9F6}.Release|Any CPU.Build.0 = Release|Any CPU
		{06DBD3E3-7D7D-4A2A-B755-3DA622A256A9}.Debug|Any CPU.ActiveCfg = Debug|Any CPU
		{06DBD3E3-7D7D-4A2A-B755-3DA622A256A9}.Debug|Any CPU.Build.0 = Debug|Any CPU
		{06DBD3E3-7D7D-4A2A-B755-3DA622A256A9}.Release|Any CPU.ActiveCfg = Release|Any CPU
		{06DBD3E3-7D7D-4A2A-B755-3DA622A256A9}.Release|Any CPU.Build.0 = Release|Any CPU
		{F2ADD826-0F96-4F2F-9DDD-E9C198EE74D9}.Debug|Any CPU.ActiveCfg = Debug|Any CPU
		{F2ADD826-0F96-4F2F-9DDD-E9C198EE74D9}.Debug|Any CPU.Build.0 = Debug|Any CPU
		{F2ADD826-0F96-4F2F-9DDD-E9C198EE74D9}.Release|Any CPU.ActiveCfg = Release|Any CPU
		{F2ADD826-0F96-4F2F-9DDD-E9C198EE74D9}.Release|Any CPU.Build.0 = Release|Any CPU
		{85FD66B8-8850-4DF3-893F-F7B6265298D0}.Debug|Any CPU.ActiveCfg = Debug|Any CPU
		{85FD66B8-8850-4DF3-893F-F7B6265298D0}.Debug|Any CPU.Build.0 = Debug|Any CPU
		{85FD66B8-8850-4DF3-893F-F7B6265298D0}.Release|Any CPU.ActiveCfg = Release|Any CPU
		{85FD66B8-8850-4DF3-893F-F7B6265298D0}.Release|Any CPU.Build.0 = Release|Any CPU
		{8B87005B-B36D-4AD0-9662-C8B688B29888}.Debug|Any CPU.ActiveCfg = Debug|Any CPU
		{8B87005B-B36D-4AD0-9662-C8B688B29888}.Debug|Any CPU.Build.0 = Debug|Any CPU
		{8B87005B-B36D-4AD0-9662-C8B688B29888}.Release|Any CPU.ActiveCfg = Release|Any CPU
		{8B87005B-B36D-4AD0-9662-C8B688B29888}.Release|Any CPU.Build.0 = Release|Any CPU
	EndGlobalSection
	GlobalSection(SolutionProperties) = preSolution
		HideSolutionNode = FALSE
	EndGlobalSection
	GlobalSection(NestedProjects) = preSolution
		{1C39D455-A80D-484C-8373-4BAD8940C54C} = {4068D5E8-A097-447D-968B-75B72BDE7778}
		{E4965EC0-C5F4-4334-AA14-9D503DDE4CD6} = {A5D5B984-11DB-49EC-A793-AEA14307CE57}
		{E87A5E8C-B63E-4D41-8E42-76D1A183AE3F} = {4068D5E8-A097-447D-968B-75B72BDE7778}
		{AB813758-CD4B-4A1F-8844-C5444FD0FE0A} = {4068D5E8-A097-447D-968B-75B72BDE7778}
		{10D1F636-6B40-42FE-A927-D6C6AAA1E6D4} = {EBBE04AB-E52E-4488-9D13-6AC8FCA71587}
		{9985CCBA-3DB4-4D2B-BCD1-5C68CB79E95E} = {4068D5E8-A097-447D-968B-75B72BDE7778}
		{428D1B99-4498-400C-B4C2-2069BCCCF2CE} = {EBBE04AB-E52E-4488-9D13-6AC8FCA71587}
		{AD12AC33-627A-4FE4-A0C5-A71B18898B5E} = {FA73D536-1CBA-4568-970F-9D65B59FDF07}
		{9EB3FB8E-8F75-42FB-B885-1875ECF98C5F} = {EBBE04AB-E52E-4488-9D13-6AC8FCA71587}
		{D156C365-BF29-49B0-96C0-E3E22DD1F8BC} = {B4DC4F19-3967-4798-BB74-9FB6BAFF3CAE}
		{5C8341A7-6354-443E-83E7-8EB5A704A04D} = {EBBE04AB-E52E-4488-9D13-6AC8FCA71587}
		{43DBCE30-85EB-41B6-BAFC-7D8E030AB9F6} = {FA73D536-1CBA-4568-970F-9D65B59FDF07}
		{06DBD3E3-7D7D-4A2A-B755-3DA622A256A9} = {EBBE04AB-E52E-4488-9D13-6AC8FCA71587}
		{F2ADD826-0F96-4F2F-9DDD-E9C198EE74D9} = {E1DFB401-07BB-4F53-848E-2217D59FC236}
		{85FD66B8-8850-4DF3-893F-F7B6265298D0} = {EBBE04AB-E52E-4488-9D13-6AC8FCA71587}
		{8B87005B-B36D-4AD0-9662-C8B688B29888} = {5077B7BD-7C66-4A48-9C91-8266F396C972}
	EndGlobalSection
	GlobalSection(ExtensibilityGlobals) = postSolution
		SolutionGuid = {481535B1-36AC-441A-9459-5CE7B8F5B312}
	EndGlobalSection
EndGlobal
